
Microsoft Visual Studio Solution File, Format Version 12.00
Project("{FAE04EC0-301F-11D3-BF4B-00C04F79EFBC}") = "CalculatorCS", "CalculatorCS.csproj", "{0092E79A-C28E-4CB3-B0EE-F1E26A9A2F3D}"
EndProject
Global
	GlobalSection(SolutionConfigurationPlatforms) = preSolution
		Debug|Any CPU = Debug|Any CPU
		Release|Any CPU = Release|Any CPU
	EndGlobalSection
	GlobalSection(ProjectConfigurationPlatforms) = postSolution
		{0092E79A-C28E-4CB3-B0EE-F1E26A9A2F3D}.Debug|Any CPU.ActiveCfg = Debug|Any CPU
		{0092E79A-C28E-4CB3-B0EE-F1E26A9A2F3D}.Debug|Any CPU.Build.0 = Debug|Any CPU
		{0092E79A-C28E-4CB3-B0EE-F1E26A9A2F3D}.Release|Any CPU.ActiveCfg = Release|Any CPU
		{0092E79A-C28E-4CB3-B0EE-F1E26A9A2F3D}.Release|Any CPU.Build.0 = Release|Any CPU
	EndGlobalSection
EndGlobal
